
Microsoft Visual Studio Solution File, Format Version 12.00
# Visual Studio Version 17
VisualStudioVersion = 17.4.33403.182
MinimumVisualStudioVersion = 10.0.40219.1
Project("{9A19103F-16F7-4668-BE54-9A1E7A4F7556}") = "InvestmentApp.API", "InvestmentApp.API\InvestmentApp.API.csproj", "{B5668AE4-30FC-4C2E-8671-F138EE470970}"
EndProject
Project("{9A19103F-16F7-4668-BE54-9A1E7A4F7556}") = "InvestmentApp.Core", "InvestmentApp.Core\InvestmentApp.Core.csproj", "{515C039C-3BA1-47D1-9A14-F05AF6DAECF2}"
EndProject
Project("{9A19103F-16F7-4668-BE54-9A1E7A4F7556}") = "InvestmentApp.Tests", "InvestmentApp.Tests\InvestmentApp.Tests.csproj", "{B808B70E-68BD-4369-9B99-08C5703E97C1}"
EndProject
Project("{FAE04EC0-301F-11D3-BF4B-00C04F79EFBC}") = "InvestmentApp.Infrastructure", "InvestmentApp.Infrastructure\InvestmentApp.Infrastructure.csproj", "{387C9C4F-EC07-4408-9D2E-98AD5DB9B156}"
EndProject
Global
	GlobalSection(SolutionConfigurationPlatforms) = preSolution
		Debug|Any CPU = Debug|Any CPU
		Release|Any CPU = Release|Any CPU
	EndGlobalSection
	GlobalSection(ProjectConfigurationPlatforms) = postSolution
		{B5668AE4-30FC-4C2E-8671-F138EE470970}.Debug|Any CPU.ActiveCfg = Debug|Any CPU
		{B5668AE4-30FC-4C2E-8671-F138EE470970}.Debug|Any CPU.Build.0 = Debug|Any CPU
		{B5668AE4-30FC-4C2E-8671-F138EE470970}.Release|Any CPU.ActiveCfg = Release|Any CPU
		{B5668AE4-30FC-4C2E-8671-F138EE470970}.Release|Any CPU.Build.0 = Release|Any CPU
		{515C039C-3BA1-47D1-9A14-F05AF6DAECF2}.Debug|Any CPU.ActiveCfg = Debug|Any CPU
		{515C039C-3BA1-47D1-9A14-F05AF6DAECF2}.Debug|Any CPU.Build.0 = Debug|Any CPU
		{515C039C-3BA1-47D1-9A14-F05AF6DAECF2}.Release|Any CPU.ActiveCfg = Release|Any CPU
		{515C039C-3BA1-47D1-9A14-F05AF6DAECF2}.Release|Any CPU.Build.0 = Release|Any CPU
		{B808B70E-68BD-4369-9B99-08C5703E97C1}.Debug|Any CPU.ActiveCfg = Debug|Any CPU
		{B808B70E-68BD-4369-9B99-08C5703E97C1}.Debug|Any CPU.Build.0 = Debug|Any CPU
		{B808B70E-68BD-4369-9B99-08C5703E97C1}.Release|Any CPU.ActiveCfg = Release|Any CPU
		{B808B70E-68BD-4369-9B99-08C5703E97C1}.Release|Any CPU.Build.0 = Release|Any CPU
		{387C9C4F-EC07-4408-9D2E-98AD5DB9B156}.Debug|Any CPU.ActiveCfg = Debug|Any CPU
		{387C9C4F-EC07-4408-9D2E-98AD5DB9B156}.Debug|Any CPU.Build.0 = Debug|Any CPU
		{387C9C4F-EC07-4408-9D2E-98AD5DB9B156}.Release|Any CPU.ActiveCfg = Release|Any CPU
		{387C9C4F-EC07-4408-9D2E-98AD5DB9B156}.Release|Any CPU.Build.0 = Release|Any CPU
	EndGlobalSection
	GlobalSection(SolutionProperties) = preSolution
		HideSolutionNode = FALSE
	EndGlobalSection
	GlobalSection(ExtensibilityGlobals) = postSolution
		SolutionGuid = {36BEDFBF-970D-4D99-89AA-14FB3458A772}
	EndGlobalSection
EndGlobal
